{
  "version": 2,
  "dependencies": {
    "net9.0": {
      "Microsoft.NET.Test.Sdk": {
        "type": "Direct",
        "requested": "[17.12.0, )",
        "resolved": "17.12.0",
        "contentHash": "kt/PKBZ91rFCWxVIJZSgVLk+YR+4KxTuHf799ho8WNiK5ZQpJNAEZCAWX86vcKrs+DiYjiibpYKdGZP6+/N17w==",
        "dependencies": {
          "Microsoft.CodeCoverage": "17.12.0",
          "Microsoft.TestPlatform.TestHost": "17.12.0"
        }
      },
      "Microsoft.Testing.Extensions.CodeCoverage": {
        "type": "Direct",
        "requested": "[17.13.1, )",
        "resolved": "17.13.1",
        "contentHash": "Ok2HWJdOTzErMqLlWQZ/i2Fw05VWmgh1yhUWFYJAtUmCv6uJSgz/qAiriRgpTjZRWaKbb7HDaGfMgKSNcmaVfw==",
        "dependencies": {
          "Microsoft.DiaSymReader": "2.0.0",
          "Microsoft.Extensions.DependencyModel": "6.0.1",
          "Microsoft.Testing.Platform": "1.4.3",
          "Newtonsoft.Json": "13.0.3",
          "System.Reflection.Metadata": "8.0.0"
        }
      },
      "Microsoft.Testing.Extensions.TrxReport": {
        "type": "Direct",
        "requested": "[1.5.0, )",
        "resolved": "1.5.0",
        "contentHash": "+AW10NEScLAiErRKzek5U1Kv0B337EktcLt6ruzJXFTbtdQgK+3j0jxWbnfSs1N+R1eX2AsNF9/en7hWW8DDfg==",
        "dependencies": {
          "Microsoft.Testing.Extensions.TrxReport.Abstractions": "1.5.0",
          "Microsoft.Testing.Platform": "1.5.0"
        }
      },
      "MSTest.TestAdapter": {
        "type": "Direct",
        "requested": "[3.7.0, )",
        "resolved": "3.7.0",
        "contentHash": "sq1AOdka70e8lD/mRzaqFfuquOHSUMF+09ACeP1zW9TG053ovVl6gzvi5VoRMxaE+q3rAItC7sx+5B3npK1kqg==",
        "dependencies": {
          "Microsoft.Testing.Extensions.VSTestBridge": "1.5.0",
          "Microsoft.Testing.Platform.MSBuild": "1.5.0"
        }
      },
      "MSTest.TestFramework": {
        "type": "Direct",
        "requested": "[3.7.0, )",
        "resolved": "3.7.0",
        "contentHash": "CRHONroYbAaxhVILTNS84gIaI3uRRVmj8Qd3+Mpia1AVwSz2JiQy0LlTqtS8p+TYWgN+8zHG6j17OaTz/P/eHw==",
        "dependencies": {
          "MSTest.Analyzers": "3.7.0"
        }
      },
      "SIL.ReleaseTasks": {
        "type": "Direct",
        "requested": "[3.0.0, )",
        "resolved": "3.0.0",
        "contentHash": "DR0X2IORUVD2gFQCrokzqR0UEaGkVwsuqPOFKdI0BcJN7I1IJxdh6yB2WTMhGIfGg1la5PQDxe7gVotgWyB2jQ==",
        "dependencies": {
          "Markdig.Signed": "0.37.0"
        }
      },
      "Markdig.Signed": {
        "type": "Transitive",
        "resolved": "0.37.0",
        "contentHash": "J7Mt1QjKijE7aAK81u5nt4SYPYEvt1odfr4ddMvyOscyNT3PoGfHKKTBB5VBSXJrWZWhfJlcG7hHBLiqawg+nw=="
      },
      "Microsoft.ApplicationInsights": {
        "type": "Transitive",
        "resolved": "2.22.0",
        "contentHash": "3AOM9bZtku7RQwHyMEY3tQMrHIgjcfRDa6YQpd/QG2LDGvMydSlL9Di+8LLMt7J2RDdfJ7/2jdYv6yHcMJAnNw==",
        "dependencies": {
          "System.Diagnostics.DiagnosticSource": "5.0.0"
        }
      },
      "Microsoft.CodeCoverage": {
        "type": "Transitive",
        "resolved": "17.12.0",
        "contentHash": "4svMznBd5JM21JIG2xZKGNanAHNXplxf/kQDFfLHXQ3OnpJkayRK/TjacFjA+EYmoyuNXHo/sOETEfcYtAzIrA=="
      },
      "Microsoft.DiaSymReader": {
        "type": "Transitive",
        "resolved": "2.0.0",
        "contentHash": "QcZrCETsBJqy/vQpFtJc+jSXQ0K5sucQ6NUFbTNVHD4vfZZOwjZ/3sBzczkC4DityhD3AVO/+K/+9ioLs1AgRA=="
      },
      "Microsoft.Extensions.DependencyModel": {
        "type": "Transitive",
        "resolved": "6.0.1",
        "contentHash": "AdvrtrqZpMgW4tIAQ/8gE1LAM/FjFY8JrFdyiolOf9WLEfN3WuFG1Hje6n0jqaOs3ldZFGWhatJQHJRrIOd++w==",
        "dependencies": {
          "System.Buffers": "4.5.1",
          "System.Memory": "4.5.4",
          "System.Runtime.CompilerServices.Unsafe": "6.0.0",
          "System.Text.Encodings.Web": "6.0.0",
          "System.Text.Json": "6.0.10"
        }
      },
      "Microsoft.Testing.Extensions.Telemetry": {
        "type": "Transitive",
        "resolved": "1.5.0",
        "contentHash": "G6XK8iLDMHIys55Fw7lIudRGrhNo3e/msIGkt6+Fckqggd9xl/nGTawy/4Avb8GFcuPfCwpQUuu8ESCPaxr08Q==",
        "dependencies": {
          "Microsoft.ApplicationInsights": "2.22.0",
          "Microsoft.Testing.Platform": "1.5.0"
        }
      },
      "Microsoft.Testing.Extensions.TrxReport.Abstractions": {
        "type": "Transitive",
        "resolved": "1.5.0",
        "contentHash": "3vMXWbqqy3rSXYlPshR7CPqG0bgGDOhasyhVtqhAOy2tMED6VKU/IbKNMUmEuqgPNjMkCaicDTfNdXsrJPKcsw==",
        "dependencies": {
          "Microsoft.Testing.Platform": "1.5.0"
        }
      },
      "Microsoft.Testing.Extensions.VSTestBridge": {
        "type": "Transitive",
        "resolved": "1.5.0",
        "contentHash": "lLb7JfTDdl6PUU3+Ia2O7+LekAqvyW3C5Rl94f+A/G16g+gxhynRDx73UuCBotjhn+8WGfEEH7Q81LsMCK/O4A==",
        "dependencies": {
          "Microsoft.ApplicationInsights": "2.22.0",
          "Microsoft.TestPlatform.ObjectModel": "17.12.0",
          "Microsoft.Testing.Extensions.Telemetry": "1.5.0",
          "Microsoft.Testing.Extensions.TrxReport.Abstractions": "1.5.0",
          "Microsoft.Testing.Platform": "1.5.0"
        }
      },
      "Microsoft.Testing.Platform": {
        "type": "Transitive",
        "resolved": "1.5.0",
        "contentHash": "L6MsgthfCEuqx4Z3VWmUzilFN4I4hrRIXY0UgGTP9sv9upt1V9m5x9m7fWUKRrnzoE8yTFeRxw1KaI9XmXIzRA=="
      },
      "Microsoft.Testing.Platform.MSBuild": {
        "type": "Transitive",
        "resolved": "1.5.0",
        "contentHash": "D3mL4Tz0m6nDkbl0ZdTnHiyKMqxDc84mtDiFzM6HQgfLlc5OIdZgN+MCj6YD1CW/izQO566XHOFImTSxluiLIg==",
        "dependencies": {
          "Microsoft.Testing.Platform": "1.5.0"
        }
      },
      "Microsoft.TestPlatform.ObjectModel": {
        "type": "Transitive",
        "resolved": "17.12.0",
        "contentHash": "TDqkTKLfQuAaPcEb3pDDWnh7b3SyZF+/W9OZvWFp6eJCIiiYFdSB6taE2I6tWrFw5ywhzOb6sreoGJTI6m3rSQ==",
        "dependencies": {
          "System.Reflection.Metadata": "1.6.0"
        }
      },
      "Microsoft.TestPlatform.TestHost": {
        "type": "Transitive",
        "resolved": "17.12.0",
        "contentHash": "MiPEJQNyADfwZ4pJNpQex+t9/jOClBGMiCiVVFuELCMSX2nmNfvUor3uFVxNNCg30uxDP8JDYfPnMXQzsfzYyg==",
        "dependencies": {
          "Microsoft.TestPlatform.ObjectModel": "17.12.0",
          "Newtonsoft.Json": "13.0.1"
        }
      },
      "MSTest.Analyzers": {
        "type": "Transitive",
        "resolved": "3.7.0",
        "contentHash": "6cW8FWzz6gr5MArL8GDNrw5c+afJtOMRyntFEzAdbgPHgH8DuLGMAyz8g38k/LMquewk3tOmbXoDIL/IACLKjg=="
      },
      "Newtonsoft.Json": {
        "type": "Transitive",
        "resolved": "13.0.3",
        "contentHash": "HrC5BXdl00IP9zeV+0Z848QWPAoCr9P3bDEZguI+gkLcBKAOxix/tLEAAHC+UvDNPv4a2d18lOReHMOagPa+zQ=="
      },
      "System.Buffers": {
        "type": "Transitive",
        "resolved": "4.5.1",
        "contentHash": "Rw7ijyl1qqRS0YQD/WycNst8hUUMgrMH4FCn1nNm27M4VxchZ1js3fVjQaANHO5f3sN4isvP4a+Met9Y4YomAg=="
      },
      "System.Collections.Immutable": {
        "type": "Transitive",
        "resolved": "8.0.0",
        "contentHash": "AurL6Y5BA1WotzlEvVaIDpqzpIPvYnnldxru8oXJU2yFxFUy3+pNXjXd1ymO+RA0rq0+590Q8gaz2l3Sr7fmqg=="
      },
      "System.Diagnostics.DiagnosticSource": {
        "type": "Transitive",
        "resolved": "5.0.0",
        "contentHash": "tCQTzPsGZh/A9LhhA6zrqCRV4hOHsK90/G7q3Khxmn6tnB1PuNU0cRaKANP2AWcF9bn0zsuOoZOSrHuJk6oNBA=="
      },
      "System.Memory": {
        "type": "Transitive",
        "resolved": "4.5.4",
        "contentHash": "1MbJTHS1lZ4bS4FmsJjnuGJOu88ZzTT2rLvrhW7Ygic+pC0NWA+3hgAen0HRdsocuQXCkUTdFn9yHJJhsijDXw=="
      },
      "System.Reflection.Metadata": {
        "type": "Transitive",
        "resolved": "8.0.0",
        "contentHash": "ptvgrFh7PvWI8bcVqG5rsA/weWM09EnthFHR5SCnS6IN+P4mj6rE1lBDC4U8HL9/57htKAqy4KQ3bBj84cfYyQ==",
        "dependencies": {
          "System.Collections.Immutable": "8.0.0"
        }
      },
      "System.Runtime.CompilerServices.Unsafe": {
        "type": "Transitive",
        "resolved": "6.0.0",
        "contentHash": "/iUeP3tq1S0XdNNoMz5C9twLSrM/TH+qElHkXWaPvuNOt+99G75NrV0OS2EqHx5wMN7popYjpc8oTjC1y16DLg=="
      },
      "System.Text.Encodings.Web": {
        "type": "Transitive",
        "resolved": "6.0.0",
        "contentHash": "Vg8eB5Tawm1IFqj4TVK1czJX89rhFxJo9ELqc/Eiq0eXy13RK00eubyU6TJE6y+GQXjyV5gSfiewDUZjQgSE0w==",
        "dependencies": {
          "System.Runtime.CompilerServices.Unsafe": "6.0.0"
        }
      },
      "System.Text.Json": {
        "type": "CentralTransitive",
        "requested": "[9.0.0, )",
        "resolved": "9.0.0",
        "contentHash": "js7+qAu/9mQvnhA4EfGMZNEzXtJCDxgkgj8ohuxq/Qxv+R56G+ljefhiJHOxTNiw54q8vmABCWUwkMulNdlZ4A=="
      }
    }
  }
}